
Microsoft Visual Studio Solution File, Format Version 12.00
# Visual Studio 15
VisualStudioVersion = 15.0.28010.2016
MinimumVisualStudioVersion = 10.0.40219.1
Project("{FAE04EC0-301F-11D3-BF4B-00C04F79EFBC}") = "DateProg", "DateProg\DateProg.csproj", "{7DBB16E3-F12C-456F-951C-68B9089955E9}"
EndProject
Global
	GlobalSection(SolutionConfigurationPlatforms) = preSolution
		Debug|Any CPU = Debug|Any CPU
		Release|Any CPU = Release|Any CPU
	EndGlobalSection
	GlobalSection(ProjectConfigurationPlatforms) = postSolution
		{7DBB16E3-F12C-456F-951C-68B9089955E9}.Debug|Any CPU.ActiveCfg = Debug|Any CPU
		{7DBB16E3-F12C-456F-951C-68B9089955E9}.Debug|Any CPU.Build.0 = Debug|Any CPU
		{7DBB16E3-F12C-456F-951C-68B9089955E9}.Release|Any CPU.ActiveCfg = Release|Any CPU
		{7DBB16E3-F12C-456F-951C-68B9089955E9}.Release|Any CPU.Build.0 = Release|Any CPU
	EndGlobalSection
	GlobalSection(SolutionProperties) = preSolution
		HideSolutionNode = FALSE
	EndGlobalSection
	GlobalSection(ExtensibilityGlobals) = postSolution
		SolutionGuid = {B8F23467-0CF2-4AF9-8609-05FCC57DFF81}
	EndGlobalSection
EndGlobal
